// !$*UTF8*$!
{
	archiveVersion = 1;
	classes = {
	};
	objectVersion = 56;
	objects = {

/* Begin PBXBuildFile section */
		4E1575112C3C466F004E8654 /* AppDelegate.swift in Sources */ = {isa = PBXBuildFile; fileRef = 4E1575102C3C466F004E8654 /* AppDelegate.swift */; };
		4E1575132C3C466F004E8654 /* SceneDelegate.swift in Sources */ = {isa = PBXBuildFile; fileRef = 4E1575122C3C466F004E8654 /* SceneDelegate.swift */; };
		4E15751A2C3C4670004E8654 /* Assets.xcassets in Resources */ = {isa = PBXBuildFile; fileRef = 4E1575192C3C4670004E8654 /* Assets.xcassets */; };
		4E15751D2C3C4670004E8654 /* Base in Resources */ = {isa = PBXBuildFile; fileRef = 4E15751C2C3C4670004E8654 /* Base */; };
		4E585D742C4258AB007A6F4D /* CustomObject.swift in Sources */ = {isa = PBXBuildFile; fileRef = 4E585D732C4258AB007A6F4D /* CustomObject.swift */; };
		4E585D762C4259B7007A6F4D /* UniversalViewController.swift in Sources */ = {isa = PBXBuildFile; fileRef = 4E585D752C4259B7007A6F4D /* UniversalViewController.swift */; };
		4E585D782C425BCD007A6F4D /* FirstViewController.swift in Sources */ = {isa = PBXBuildFile; fileRef = 4E585D772C425BCD007A6F4D /* FirstViewController.swift */; };
		4E5AD5332C3D4F2E00583A2B /* SecondViewController.swift in Sources */ = {isa = PBXBuildFile; fileRef = 4E5AD5322C3D4F2E00583A2B /* SecondViewController.swift */; };
		4E5AD5352C3D4F3E00583A2B /* ThirdViewController.swift in Sources */ = {isa = PBXBuildFile; fileRef = 4E5AD5342C3D4F3E00583A2B /* ThirdViewController.swift */; };
		4E5AD5372C3D4F6800583A2B /* BaseViewController.swift in Sources */ = {isa = PBXBuildFile; fileRef = 4E5AD5362C3D4F6800583A2B /* BaseViewController.swift */; };
		4E5AD5392C3D4F8800583A2B /* FourthViewController.swift in Sources */ = {isa = PBXBuildFile; fileRef = 4E5AD5382C3D4F8800583A2B /* FourthViewController.swift */; };
		4E5AD53B2C3D4F9800583A2B /* FifthViewController.swift in Sources */ = {isa = PBXBuildFile; fileRef = 4E5AD53A2C3D4F9800583A2B /* FifthViewController.swift */; };
/* End PBXBuildFile section */

/* Begin PBXFileReference section */
		4E15750D2C3C466F004E8654 /* HW10App.app */ = {isa = PBXFileReference; explicitFileType = wrapper.application; includeInIndex = 0; path = HW10App.app; sourceTree = BUILT_PRODUCTS_DIR; };
		4E1575102C3C466F004E8654 /* AppDelegate.swift */ = {isa = PBXFileReference; lastKnownFileType = sourcecode.swift; path = AppDelegate.swift; sourceTree = "<group>"; };
		4E1575122C3C466F004E8654 /* SceneDelegate.swift */ = {isa = PBXFileReference; lastKnownFileType = sourcecode.swift; path = SceneDelegate.swift; sourceTree = "<group>"; };
		4E1575192C3C4670004E8654 /* Assets.xcassets */ = {isa = PBXFileReference; lastKnownFileType = folder.assetcatalog; path = Assets.xcassets; sourceTree = "<group>"; };
		4E15751C2C3C4670004E8654 /* Base */ = {isa = PBXFileReference; lastKnownFileType = file.storyboard; name = Base; path = Base.lproj/LaunchScreen.storyboard; sourceTree = "<group>"; };
		4E15751E2C3C4670004E8654 /* Info.plist */ = {isa = PBXFileReference; lastKnownFileType = text.plist.xml; path = Info.plist; sourceTree = "<group>"; };
		4E585D732C4258AB007A6F4D /* CustomObject.swift */ = {isa = PBXFileReference; lastKnownFileType = sourcecode.swift; path = CustomObject.swift; sourceTree = "<group>"; };
		4E585D752C4259B7007A6F4D /* UniversalViewController.swift */ = {isa = PBXFileReference; lastKnownFileType = sourcecode.swift; path = UniversalViewController.swift; sourceTree = "<group>"; };
		4E585D772C425BCD007A6F4D /* FirstViewController.swift */ = {isa = PBXFileReference; lastKnownFileType = sourcecode.swift; path = FirstViewController.swift; sourceTree = "<group>"; };
		4E5AD5322C3D4F2E00583A2B /* SecondViewController.swift */ = {isa = PBXFileReference; lastKnownFileType = sourcecode.swift; path = SecondViewController.swift; sourceTree = "<group>"; };
		4E5AD5342C3D4F3E00583A2B /* ThirdViewController.swift */ = {isa = PBXFileReference; lastKnownFileType = sourcecode.swift; path = ThirdViewController.swift; sourceTree = "<group>"; };
		4E5AD5362C3D4F6800583A2B /* BaseViewController.swift */ = {isa = PBXFileReference; lastKnownFileType = sourcecode.swift; path = BaseViewController.swift; sourceTree = "<group>"; };
		4E5AD5382C3D4F8800583A2B /* FourthViewController.swift */ = {isa = PBXFileReference; lastKnownFileType = sourcecode.swift; path = FourthViewController.swift; sourceTree = "<group>"; };
		4E5AD53A2C3D4F9800583A2B /* FifthViewController.swift */ = {isa = PBXFileReference; lastKnownFileType = sourcecode.swift; path = FifthViewController.swift; sourceTree = "<group>"; };
/* End PBXFileReference section */

/* Begin PBXFrameworksBuildPhase section */
		4E15750A2C3C466F004E8654 /* Frameworks */ = {
			isa = PBXFrameworksBuildPhase;
			buildActionMask = 2147483647;
			files = (
			);
			runOnlyForDeploymentPostprocessing = 0;
		};
/* End PBXFrameworksBuildPhase section */

/* Begin PBXGroup section */
		4E1575042C3C466F004E8654 = {
			isa = PBXGroup;
			children = (
				4E15750F2C3C466F004E8654 /* HW10App */,
				4E15750E2C3C466F004E8654 /* Products */,
			);
			sourceTree = "<group>";
		};
		4E15750E2C3C466F004E8654 /* Products */ = {
			isa = PBXGroup;
			children = (
				4E15750D2C3C466F004E8654 /* HW10App.app */,
			);
			name = Products;
			sourceTree = "<group>";
		};
		4E15750F2C3C466F004E8654 /* HW10App */ = {
			isa = PBXGroup;
			children = (
				4E1575102C3C466F004E8654 /* AppDelegate.swift */,
				4E1575122C3C466F004E8654 /* SceneDelegate.swift */,
				4E5AD5362C3D4F6800583A2B /* BaseViewController.swift */,
				4E585D732C4258AB007A6F4D /* CustomObject.swift */,
				4E585D792C425C94007A6F4D /* ViewControllers */,
				4E1575192C3C4670004E8654 /* Assets.xcassets */,
				4E15751B2C3C4670004E8654 /* LaunchScreen.storyboard */,
				4E15751E2C3C4670004E8654 /* Info.plist */,
			);
			path = HW10App;
			sourceTree = "<group>";
		};
		4E585D792C425C94007A6F4D /* ViewControllers */ = {
			isa = PBXGroup;
			children = (
				4E5AD5322C3D4F2E00583A2B /* SecondViewController.swift */,
				4E5AD5342C3D4F3E00583A2B /* ThirdViewController.swift */,
				4E5AD5382C3D4F8800583A2B /* FourthViewController.swift */,
				4E585D772C425BCD007A6F4D /* FirstViewController.swift */,
				4E5AD53A2C3D4F9800583A2B /* FifthViewController.swift */,
				4E585D752C4259B7007A6F4D /* UniversalViewController.swift */,
			);
			path = ViewControllers;
			sourceTree = "<group>";
		};
/* End PBXGroup section */

/* Begin PBXNativeTarget section */
		4E15750C2C3C466F004E8654 /* HW10App */ = {
			isa = PBXNativeTarget;
			buildConfigurationList = 4E1575212C3C4670004E8654 /* Build configuration list for PBXNativeTarget "HW10App" */;
			buildPhases = (
				4E1575092C3C466F004E8654 /* Sources */,
				4E15750A2C3C466F004E8654 /* Frameworks */,
				4E15750B2C3C466F004E8654 /* Resources */,
			);
			buildRules = (
			);
			dependencies = (
			);
			name = HW10App;
			productName = HW10App;
			productReference = 4E15750D2C3C466F004E8654 /* HW10App.app */;
			productType = "com.apple.product-type.application";
		};
/* End PBXNativeTarget section */

/* Begin PBXProject section */
		4E1575052C3C466F004E8654 /* Project object */ = {
			isa = PBXProject;
			attributes = {
				BuildIndependentTargetsInParallel = 1;
				LastSwiftUpdateCheck = 1540;
				LastUpgradeCheck = 1540;
				TargetAttributes = {
					4E15750C2C3C466F004E8654 = {
						CreatedOnToolsVersion = 15.4;
					};
				};
			};
			buildConfigurationList = 4E1575082C3C466F004E8654 /* Build configuration list for PBXProject "HW10App" */;
			compatibilityVersion = "Xcode 14.0";
			developmentRegion = en;
			hasScannedForEncodings = 0;
			knownRegions = (
				en,
				Base,
			);
			mainGroup = 4E1575042C3C466F004E8654;
			productRefGroup = 4E15750E2C3C466F004E8654 /* Products */;
			projectDirPath = "";
			projectRoot = "";
			targets = (
				4E15750C2C3C466F004E8654 /* HW10App */,
			);
		};
/* End PBXProject section */

/* Begin PBXResourcesBuildPhase section */
		4E15750B2C3C466F004E8654 /* Resources */ = {
			isa = PBXResourcesBuildPhase;
			buildActionMask = 2147483647;
			files = (
				4E15751A2C3C4670004E8654 /* Assets.xcassets in Resources */,
				4E15751D2C3C4670004E8654 /* Base in Resources */,
			);
			runOnlyForDeploymentPostprocessing = 0;
		};
/* End PBXResourcesBuildPhase section */

/* Begin PBXSourcesBuildPhase section */
		4E1575092C3C466F004E8654 /* Sources */ = {
			isa = PBXSourcesBuildPhase;
			buildActionMask = 2147483647;
			files = (
				4E5AD5332C3D4F2E00583A2B /* SecondViewController.swift in Sources */,
				4E585D742C4258AB007A6F4D /* CustomObject.swift in Sources */,
				4E585D762C4259B7007A6F4D /* UniversalViewController.swift in Sources */,
				4E5AD5352C3D4F3E00583A2B /* ThirdViewController.swift in Sources */,
				4E5AD5392C3D4F8800583A2B /* FourthViewController.swift in Sources */,
				4E585D782C425BCD007A6F4D /* FirstViewController.swift in Sources */,
				4E5AD53B2C3D4F9800583A2B /* FifthViewController.swift in Sources */,
				4E1575112C3C466F004E8654 /* AppDelegate.swift in Sources */,
				4E1575132C3C466F004E8654 /* SceneDelegate.swift in Sources */,
				4E5AD5372C3D4F6800583A2B /* BaseViewController.swift in Sources */,
			);
			runOnlyForDeploymentPostprocessing = 0;
		};
/* End PBXSourcesBuildPhase section */

/* Begin PBXVariantGroup section */
		4E15751B2C3C4670004E8654 /* LaunchScreen.storyboard */ = {
			isa = PBXVariantGroup;
			children = (
				4E15751C2C3C4670004E8654 /* Base */,
			);
			name = LaunchScreen.storyboard;
			sourceTree = "<group>";
		};
/* End PBXVariantGroup section */

/* Begin XCBuildConfiguration section */
		4E15751F2C3C4670004E8654 /* Debug */ = {
			isa = XCBuildConfiguration;
			buildSettings = {
				ALWAYS_SEARCH_USER_PATHS = NO;
				ASSETCATALOG_COMPILER_GENERATE_SWIFT_ASSET_SYMBOL_EXTENSIONS = YES;
				CLANG_ANALYZER_NONNULL = YES;
				CLANG_ANALYZER_NUMBER_OBJECT_CONVERSION = YES_AGGRESSIVE;
				CLANG_CXX_LANGUAGE_STANDARD = "gnu++20";
				CLANG_ENABLE_MODULES = YES;
				CLANG_ENABLE_OBJC_ARC = YES;
				CLANG_ENABLE_OBJC_WEAK = YES;
				CLANG_WARN_BLOCK_CAPTURE_AUTORELEASING = YES;
				CLANG_WARN_BOOL_CONVERSION = YES;
				CLANG_WARN_COMMA = YES;
				CLANG_WARN_CONSTANT_CONVERSION = YES;
				CLANG_WARN_DEPRECATED_OBJC_IMPLEMENTATIONS = YES;
				CLANG_WARN_DIRECT_OBJC_ISA_USAGE = YES_ERROR;
				CLANG_WARN_DOCUMENTATION_COMMENTS = YES;
				CLANG_WARN_EMPTY_BODY = YES;
				CLANG_WARN_ENUM_CONVERSION = YES;
				CLANG_WARN_INFINITE_RECURSION = YES;
				CLANG_WARN_INT_CONVERSION = YES;
				CLANG_WARN_NON_LITERAL_NULL_CONVERSION = YES;
				CLANG_WARN_OBJC_IMPLICIT_RETAIN_SELF = YES;
				CLANG_WARN_OBJC_LITERAL_CONVERSION = YES;
				CLANG_WARN_OBJC_ROOT_CLASS = YES_ERROR;
				CLANG_WARN_QUOTED_INCLUDE_IN_FRAMEWORK_HEADER = YES;
				CLANG_WARN_RANGE_LOOP_ANALYSIS = YES;
				CLANG_WARN_STRICT_PROTOTYPES = YES;
				CLANG_WARN_SUSPICIOUS_MOVE = YES;
				CLANG_WARN_UNGUARDED_AVAILABILITY = YES_AGGRESSIVE;
				CLANG_WARN_UNREACHABLE_CODE = YES;
				CLANG_WARN__DUPLICATE_METHOD_MATCH = YES;
				COPY_PHASE_STRIP = NO;
				DEBUG_INFORMATION_FORMAT = dwarf;
				ENABLE_STRICT_OBJC_MSGSEND = YES;
				ENABLE_TESTABILITY = YES;
				ENABLE_USER_SCRIPT_SANDBOXING = YES;
				GCC_C_LANGUAGE_STANDARD = gnu17;
				GCC_DYNAMIC_NO_PIC = NO;
				GCC_NO_COMMON_BLOCKS = YES;
				GCC_OPTIMIZATION_LEVEL = 0;
				GCC_PREPROCESSOR_DEFINITIONS = (
					"DEBUG=1",
					"$(inherited)",
				);
				GCC_WARN_64_TO_32_BIT_CONVERSION = YES;
				GCC_WARN_ABOUT_RETURN_TYPE = YES_ERROR;
				GCC_WARN_UNDECLARED_SELECTOR = YES;
				GCC_WARN_UNINITIALIZED_AUTOS = YES_AGGRESSIVE;
				GCC_WARN_UNUSED_FUNCTION = YES;
				GCC_WARN_UNUSED_VARIABLE = YES;
				IPHONEOS_DEPLOYMENT_TARGET = 17.5;
				LOCALIZATION_PREFERS_STRING_CATALOGS = YES;
				MTL_ENABLE_DEBUG_INFO = INCLUDE_SOURCE;
				MTL_FAST_MATH = YES;
				ONLY_ACTIVE_ARCH = YES;
				SDKROOT = iphoneos;
				SWIFT_ACTIVE_COMPILATION_CONDITIONS = "DEBUG $(inherited)";
				SWIFT_OPTIMIZATION_LEVEL = "-Onone";
			};
			name = Debug;
		};
		4E1575202C3C4670004E8654 /* Release */ = {
			isa = XCBuildConfiguration;
			buildSettings = {
				ALWAYS_SEARCH_USER_PATHS = NO;
				ASSETCATALOG_COMPILER_GENERATE_SWIFT_ASSET_SYMBOL_EXTENSIONS = YES;
				CLANG_ANALYZER_NONNULL = YES;
				CLANG_ANALYZER_NUMBER_OBJECT_CONVERSION = YES_AGGRESSIVE;
				CLANG_CXX_LANGUAGE_STANDARD = "gnu++20";
				CLANG_ENABLE_MODULES = YES;
				CLANG_ENABLE_OBJC_ARC = YES;
				CLANG_ENABLE_OBJC_WEAK = YES;
				CLANG_WARN_BLOCK_CAPTURE_AUTORELEASING = YES;
				CLANG_WARN_BOOL_CONVERSION = YES;
				CLANG_WARN_COMMA = YES;
				CLANG_WARN_CONSTANT_CONVERSION = YES;
				CLANG_WARN_DEPRECATED_OBJC_IMPLEMENTATIONS = YES;
				CLANG_WARN_DIRECT_OBJC_ISA_USAGE = YES_ERROR;
				CLANG_WARN_DOCUMENTATION_COMMENTS = YES;
				CLANG_WARN_EMPTY_BODY = YES;
				CLANG_WARN_ENUM_CONVERSION = YES;
				CLANG_WARN_INFINITE_RECURSION = YES;
				CLANG_WARN_INT_CONVERSION = YES;
				CLANG_WARN_NON_LITERAL_NULL_CONVERSION = YES;
				CLANG_WARN_OBJC_IMPLICIT_RETAIN_SELF = YES;
				CLANG_WARN_OBJC_LITERAL_CONVERSION = YES;
				CLANG_WARN_OBJC_ROOT_CLASS = YES_ERROR;
				CLANG_WARN_QUOTED_INCLUDE_IN_FRAMEWORK_HEADER = YES;
				CLANG_WARN_RANGE_LOOP_ANALYSIS = YES;
				CLANG_WARN_STRICT_PROTOTYPES = YES;
				CLANG_WARN_SUSPICIOUS_MOVE = YES;
				CLANG_WARN_UNGUARDED_AVAILABILITY = YES_AGGRESSIVE;
				CLANG_WARN_UNREACHABLE_CODE = YES;
				CLANG_WARN__DUPLICATE_METHOD_MATCH = YES;
				COPY_PHASE_STRIP = NO;
				DEBUG_INFORMATION_FORMAT = "dwarf-with-dsym";
				ENABLE_NS_ASSERTIONS = NO;
				ENABLE_STRICT_OBJC_MSGSEND = YES;
				ENABLE_USER_SCRIPT_SANDBOXING = YES;
				GCC_C_LANGUAGE_STANDARD = gnu17;
				GCC_NO_COMMON_BLOCKS = YES;
				GCC_WARN_64_TO_32_BIT_CONVERSION = YES;
				GCC_WARN_ABOUT_RETURN_TYPE = YES_ERROR;
				GCC_WARN_UNDECLARED_SELECTOR = YES;
				GCC_WARN_UNINITIALIZED_AUTOS = YES_AGGRESSIVE;
				GCC_WARN_UNUSED_FUNCTION = YES;
				GCC_WARN_UNUSED_VARIABLE = YES;
				IPHONEOS_DEPLOYMENT_TARGET = 17.5;
				LOCALIZATION_PREFERS_STRING_CATALOGS = YES;
				MTL_ENABLE_DEBUG_INFO = NO;
				MTL_FAST_MATH = YES;
				SDKROOT = iphoneos;
				SWIFT_COMPILATION_MODE = wholemodule;
				VALIDATE_PRODUCT = YES;
			};
			name = Release;
		};
		4E1575222C3C4670004E8654 /* Debug */ = {
			isa = XCBuildConfiguration;
			buildSettings = {
				ASSETCATALOG_COMPILER_APPICON_NAME = AppIcon;
				ASSETCATALOG_COMPILER_GLOBAL_ACCENT_COLOR_NAME = "";
				CODE_SIGN_STYLE = Automatic;
				CURRENT_PROJECT_VERSION = 1;
				DEVELOPMENT_TEAM = KA3HNRKVFH;
				GENERATE_INFOPLIST_FILE = YES;
				INFOPLIST_FILE = HW10App/Info.plist;
				INFOPLIST_KEY_UIApplicationSupportsIndirectInputEvents = YES;
				INFOPLIST_KEY_UILaunchStoryboardName = LaunchScreen;
				INFOPLIST_KEY_UIMainStoryboardFile = "";
				INFOPLIST_KEY_UISupportedInterfaceOrientations_iPad = "UIInterfaceOrientationPortrait UIInterfaceOrientationPortraitUpsideDown UIInterfaceOrientationLandscapeLeft UIInterfaceOrientationLandscapeRight";
				INFOPLIST_KEY_UISupportedInterfaceOrientations_iPhone = "UIInterfaceOrientationPortrait UIInterfaceOrientationLandscapeLeft UIInterfaceOrientationLandscapeRight";
				IPHONEOS_DEPLOYMENT_TARGET = 17.0;
				LD_RUNPATH_SEARCH_PATHS = (
					"$(inherited)",
					"@executable_path/Frameworks",
				);
				MARKETING_VERSION = 1.0;
				PRODUCT_BUNDLE_IDENTIFIER = com.dakokin.HW10App;
				PRODUCT_NAME = "$(TARGET_NAME)";
				SUPPORTED_PLATFORMS = "iphoneos iphonesimulator";
				SUPPORTS_MACCATALYST = NO;
				SUPPORTS_MAC_DESIGNED_FOR_IPHONE_IPAD = NO;
				SUPPORTS_XR_DESIGNED_FOR_IPHONE_IPAD = NO;
				SWIFT_EMIT_LOC_STRINGS = YES;
				SWIFT_VERSION = 5.0;
				TARGETED_DEVICE_FAMILY = 1;
			};
			name = Debug;
		};
		4E1575232C3C4670004E8654 /* Release */ = {
			isa = XCBuildConfiguration;
			buildSettings = {
				ASSETCATALOG_COMPILER_APPICON_NAME = AppIcon;
				ASSETCATALOG_COMPILER_GLOBAL_ACCENT_COLOR_NAME = "";
				CODE_SIGN_STYLE = Automatic;
				CURRENT_PROJECT_VERSION = 1;
				DEVELOPMENT_TEAM = KA3HNRKVFH;
				GENERATE_INFOPLIST_FILE = YES;
				INFOPLIST_FILE = HW10App/Info.plist;
				INFOPLIST_KEY_UIApplicationSupportsIndirectInputEvents = YES;
				INFOPLIST_KEY_UILaunchStoryboardName = LaunchScreen;
				INFOPLIST_KEY_UIMainStoryboardFile = "";
				INFOPLIST_KEY_UISupportedInterfaceOrientations_iPad = "UIInterfaceOrientationPortrait UIInterfaceOrientationPortraitUpsideDown UIInterfaceOrientationLandscapeLeft UIInterfaceOrientationLandscapeRight";
				INFOPLIST_KEY_UISupportedInterfaceOrientations_iPhone = "UIInterfaceOrientationPortrait UIInterfaceOrientationLandscapeLeft UIInterfaceOrientationLandscapeRight";
				IPHONEOS_DEPLOYMENT_TARGET = 17.0;
				LD_RUNPATH_SEARCH_PATHS = (
					"$(inherited)",
					"@executable_path/Frameworks",
				);
				MARKETING_VERSION = 1.0;
				PRODUCT_BUNDLE_IDENTIFIER = com.dakokin.HW10App;
				PRODUCT_NAME = "$(TARGET_NAME)";
				SUPPORTED_PLATFORMS = "iphoneos iphonesimulator";
				SUPPORTS_MACCATALYST = NO;
				SUPPORTS_MAC_DESIGNED_FOR_IPHONE_IPAD = NO;
				SUPPORTS_XR_DESIGNED_FOR_IPHONE_IPAD = NO;
				SWIFT_EMIT_LOC_STRINGS = YES;
				SWIFT_VERSION = 5.0;
				TARGETED_DEVICE_FAMILY = 1;
			};
			name = Release;
		};
/* End XCBuildConfiguration section */

/* Begin XCConfigurationList section */
		4E1575082C3C466F004E8654 /* Build configuration list for PBXProject "HW10App" */ = {
			isa = XCConfigurationList;
			buildConfigurations = (
				4E15751F2C3C4670004E8654 /* Debug */,
				4E1575202C3C4670004E8654 /* Release */,
			);
			defaultConfigurationIsVisible = 0;
			defaultConfigurationName = Release;
		};
		4E1575212C3C4670004E8654 /* Build configuration list for PBXNativeTarget "HW10App" */ = {
			isa = XCConfigurationList;
			buildConfigurations = (
				4E1575222C3C4670004E8654 /* Debug */,
				4E1575232C3C4670004E8654 /* Release */,
			);
			defaultConfigurationIsVisible = 0;
			defaultConfigurationName = Release;
		};
/* End XCConfigurationList section */
	};
	rootObject = 4E1575052C3C466F004E8654 /* Project object */;
}
