// !$*UTF8*$!
{
	archiveVersion = 1;
	classes = {
	};
	objectVersion = 56;
	objects = {

/* Begin PBXBuildFile section */
		4E1794142C2F0E5600EF306D /* InsetTextField.swift in Sources */ = {isa = PBXBuildFile; fileRef = 4E1794132C2F0E5600EF306D /* InsetTextField.swift */; };
		4E4F16612C2D5963004314AF /* AppDelegate.swift in Sources */ = {isa = PBXBuildFile; fileRef = 4E4F16602C2D5963004314AF /* AppDelegate.swift */; };
		4E4F16632C2D5963004314AF /* SceneDelegate.swift in Sources */ = {isa = PBXBuildFile; fileRef = 4E4F16622C2D5963004314AF /* SceneDelegate.swift */; };
		4E4F16652C2D5963004314AF /* LoginScreenViewController.swift in Sources */ = {isa = PBXBuildFile; fileRef = 4E4F16642C2D5963004314AF /* LoginScreenViewController.swift */; };
		4E4F16682C2D5963004314AF /* Base in Resources */ = {isa = PBXBuildFile; fileRef = 4E4F16672C2D5963004314AF /* Base */; };
		4E4F166A2C2D5964004314AF /* Assets.xcassets in Resources */ = {isa = PBXBuildFile; fileRef = 4E4F16692C2D5964004314AF /* Assets.xcassets */; };
		4E4F166D2C2D5964004314AF /* Base in Resources */ = {isa = PBXBuildFile; fileRef = 4E4F166C2C2D5964004314AF /* Base */; };
		4E4F16762C2D597F004314AF /* SnapKit in Frameworks */ = {isa = PBXBuildFile; productRef = 4E4F16752C2D597F004314AF /* SnapKit */; };
		4E4F167A2C2D599A004314AF /* HomeScreenViewController.swift in Sources */ = {isa = PBXBuildFile; fileRef = 4E4F16792C2D599A004314AF /* HomeScreenViewController.swift */; };
		4E4F167C2C2D59AF004314AF /* RegistrationScreenViewController.swift in Sources */ = {isa = PBXBuildFile; fileRef = 4E4F167B2C2D59AF004314AF /* RegistrationScreenViewController.swift */; };
		4E4F167F2C2D5B94004314AF /* Main.storyboard in Resources */ = {isa = PBXBuildFile; fileRef = 4E4F16662C2D5963004314AF /* Main.storyboard */; };
/* End PBXBuildFile section */

/* Begin PBXCopyFilesBuildPhase section */
		4E4F167E2C2D5B2E004314AF /* Embed Frameworks */ = {
			isa = PBXCopyFilesBuildPhase;
			buildActionMask = 2147483647;
			dstPath = "";
			dstSubfolderSpec = 10;
			files = (
			);
			name = "Embed Frameworks";
			runOnlyForDeploymentPostprocessing = 0;
		};
/* End PBXCopyFilesBuildPhase section */

/* Begin PBXFileReference section */
		4E1794132C2F0E5600EF306D /* InsetTextField.swift */ = {isa = PBXFileReference; lastKnownFileType = sourcecode.swift; path = InsetTextField.swift; sourceTree = "<group>"; };
		4E4F165D2C2D5963004314AF /* HW8App.app */ = {isa = PBXFileReference; explicitFileType = wrapper.application; includeInIndex = 0; path = HW8App.app; sourceTree = BUILT_PRODUCTS_DIR; };
		4E4F16602C2D5963004314AF /* AppDelegate.swift */ = {isa = PBXFileReference; lastKnownFileType = sourcecode.swift; path = AppDelegate.swift; sourceTree = "<group>"; };
		4E4F16622C2D5963004314AF /* SceneDelegate.swift */ = {isa = PBXFileReference; lastKnownFileType = sourcecode.swift; path = SceneDelegate.swift; sourceTree = "<group>"; };
		4E4F16642C2D5963004314AF /* LoginScreenViewController.swift */ = {isa = PBXFileReference; lastKnownFileType = sourcecode.swift; path = LoginScreenViewController.swift; sourceTree = "<group>"; };
		4E4F16672C2D5963004314AF /* Base */ = {isa = PBXFileReference; lastKnownFileType = file.storyboard; name = Base; path = Base.lproj/Main.storyboard; sourceTree = "<group>"; };
		4E4F16692C2D5964004314AF /* Assets.xcassets */ = {isa = PBXFileReference; lastKnownFileType = folder.assetcatalog; path = Assets.xcassets; sourceTree = "<group>"; };
		4E4F166C2C2D5964004314AF /* Base */ = {isa = PBXFileReference; lastKnownFileType = file.storyboard; name = Base; path = Base.lproj/LaunchScreen.storyboard; sourceTree = "<group>"; };
		4E4F166E2C2D5964004314AF /* Info.plist */ = {isa = PBXFileReference; lastKnownFileType = text.plist.xml; path = Info.plist; sourceTree = "<group>"; };
		4E4F16792C2D599A004314AF /* HomeScreenViewController.swift */ = {isa = PBXFileReference; lastKnownFileType = sourcecode.swift; path = HomeScreenViewController.swift; sourceTree = "<group>"; };
		4E4F167B2C2D59AF004314AF /* RegistrationScreenViewController.swift */ = {isa = PBXFileReference; lastKnownFileType = sourcecode.swift; path = RegistrationScreenViewController.swift; sourceTree = "<group>"; };
/* End PBXFileReference section */

/* Begin PBXFrameworksBuildPhase section */
		4E4F165A2C2D5963004314AF /* Frameworks */ = {
			isa = PBXFrameworksBuildPhase;
			buildActionMask = 2147483647;
			files = (
				4E4F16762C2D597F004314AF /* SnapKit in Frameworks */,
			);
			runOnlyForDeploymentPostprocessing = 0;
		};
/* End PBXFrameworksBuildPhase section */

/* Begin PBXGroup section */
		4E4F16542C2D5963004314AF = {
			isa = PBXGroup;
			children = (
				4E4F165F2C2D5963004314AF /* HW8App */,
				4E4F165E2C2D5963004314AF /* Products */,
			);
			sourceTree = "<group>";
		};
		4E4F165E2C2D5963004314AF /* Products */ = {
			isa = PBXGroup;
			children = (
				4E4F165D2C2D5963004314AF /* HW8App.app */,
			);
			name = Products;
			sourceTree = "<group>";
		};
		4E4F165F2C2D5963004314AF /* HW8App */ = {
			isa = PBXGroup;
			children = (
				4E4F16602C2D5963004314AF /* AppDelegate.swift */,
				4E4F16622C2D5963004314AF /* SceneDelegate.swift */,
				4E4F16642C2D5963004314AF /* LoginScreenViewController.swift */,
				4E4F16792C2D599A004314AF /* HomeScreenViewController.swift */,
				4E4F167B2C2D59AF004314AF /* RegistrationScreenViewController.swift */,
				4E1794132C2F0E5600EF306D /* InsetTextField.swift */,
				4E4F16662C2D5963004314AF /* Main.storyboard */,
				4E4F16692C2D5964004314AF /* Assets.xcassets */,
				4E4F166B2C2D5964004314AF /* LaunchScreen.storyboard */,
				4E4F166E2C2D5964004314AF /* Info.plist */,
			);
			path = HW8App;
			sourceTree = "<group>";
		};
/* End PBXGroup section */

/* Begin PBXNativeTarget section */
		4E4F165C2C2D5963004314AF /* HW8App */ = {
			isa = PBXNativeTarget;
			buildConfigurationList = 4E4F16712C2D5964004314AF /* Build configuration list for PBXNativeTarget "HW8App" */;
			buildPhases = (
				4E4F16592C2D5963004314AF /* Sources */,
				4E4F165A2C2D5963004314AF /* Frameworks */,
				4E4F165B2C2D5963004314AF /* Resources */,
				4E4F167E2C2D5B2E004314AF /* Embed Frameworks */,
			);
			buildRules = (
			);
			dependencies = (
			);
			name = HW8App;
			packageProductDependencies = (
				4E4F16752C2D597F004314AF /* SnapKit */,
			);
			productName = HW8App;
			productReference = 4E4F165D2C2D5963004314AF /* HW8App.app */;
			productType = "com.apple.product-type.application";
		};
/* End PBXNativeTarget section */

/* Begin PBXProject section */
		4E4F16552C2D5963004314AF /* Project object */ = {
			isa = PBXProject;
			attributes = {
				BuildIndependentTargetsInParallel = 1;
				LastSwiftUpdateCheck = 1540;
				LastUpgradeCheck = 1540;
				TargetAttributes = {
					4E4F165C2C2D5963004314AF = {
						CreatedOnToolsVersion = 15.4;
					};
				};
			};
			buildConfigurationList = 4E4F16582C2D5963004314AF /* Build configuration list for PBXProject "HW8App" */;
			compatibilityVersion = "Xcode 14.0";
			developmentRegion = en;
			hasScannedForEncodings = 0;
			knownRegions = (
				en,
				Base,
			);
			mainGroup = 4E4F16542C2D5963004314AF;
			packageReferences = (
				4E4F16742C2D597F004314AF /* XCRemoteSwiftPackageReference "SnapKit" */,
			);
			productRefGroup = 4E4F165E2C2D5963004314AF /* Products */;
			projectDirPath = "";
			projectRoot = "";
			targets = (
				4E4F165C2C2D5963004314AF /* HW8App */,
			);
		};
/* End PBXProject section */

/* Begin PBXResourcesBuildPhase section */
		4E4F165B2C2D5963004314AF /* Resources */ = {
			isa = PBXResourcesBuildPhase;
			buildActionMask = 2147483647;
			files = (
				4E4F166A2C2D5964004314AF /* Assets.xcassets in Resources */,
				4E4F166D2C2D5964004314AF /* Base in Resources */,
				4E4F16682C2D5963004314AF /* Base in Resources */,
				4E4F167F2C2D5B94004314AF /* Main.storyboard in Resources */,
			);
			runOnlyForDeploymentPostprocessing = 0;
		};
/* End PBXResourcesBuildPhase section */

/* Begin PBXSourcesBuildPhase section */
		4E4F16592C2D5963004314AF /* Sources */ = {
			isa = PBXSourcesBuildPhase;
			buildActionMask = 2147483647;
			files = (
				4E4F16652C2D5963004314AF /* LoginScreenViewController.swift in Sources */,
				4E4F16612C2D5963004314AF /* AppDelegate.swift in Sources */,
				4E4F16632C2D5963004314AF /* SceneDelegate.swift in Sources */,
				4E4F167A2C2D599A004314AF /* HomeScreenViewController.swift in Sources */,
				4E4F167C2C2D59AF004314AF /* RegistrationScreenViewController.swift in Sources */,
				4E1794142C2F0E5600EF306D /* InsetTextField.swift in Sources */,
			);
			runOnlyForDeploymentPostprocessing = 0;
		};
/* End PBXSourcesBuildPhase section */

/* Begin PBXVariantGroup section */
		4E4F16662C2D5963004314AF /* Main.storyboard */ = {
			isa = PBXVariantGroup;
			children = (
				4E4F16672C2D5963004314AF /* Base */,
			);
			name = Main.storyboard;
			sourceTree = "<group>";
		};
		4E4F166B2C2D5964004314AF /* LaunchScreen.storyboard */ = {
			isa = PBXVariantGroup;
			children = (
				4E4F166C2C2D5964004314AF /* Base */,
			);
			name = LaunchScreen.storyboard;
			sourceTree = "<group>";
		};
/* End PBXVariantGroup section */

/* Begin XCBuildConfiguration section */
		4E4F166F2C2D5964004314AF /* Debug */ = {
			isa = XCBuildConfiguration;
			buildSettings = {
				ALWAYS_SEARCH_USER_PATHS = NO;
				ASSETCATALOG_COMPILER_GENERATE_SWIFT_ASSET_SYMBOL_EXTENSIONS = YES;
				CLANG_ANALYZER_NONNULL = YES;
				CLANG_ANALYZER_NUMBER_OBJECT_CONVERSION = YES_AGGRESSIVE;
				CLANG_CXX_LANGUAGE_STANDARD = "gnu++20";
				CLANG_ENABLE_MODULES = YES;
				CLANG_ENABLE_OBJC_ARC = YES;
				CLANG_ENABLE_OBJC_WEAK = YES;
				CLANG_WARN_BLOCK_CAPTURE_AUTORELEASING = YES;
				CLANG_WARN_BOOL_CONVERSION = YES;
				CLANG_WARN_COMMA = YES;
				CLANG_WARN_CONSTANT_CONVERSION = YES;
				CLANG_WARN_DEPRECATED_OBJC_IMPLEMENTATIONS = YES;
				CLANG_WARN_DIRECT_OBJC_ISA_USAGE = YES_ERROR;
				CLANG_WARN_DOCUMENTATION_COMMENTS = YES;
				CLANG_WARN_EMPTY_BODY = YES;
				CLANG_WARN_ENUM_CONVERSION = YES;
				CLANG_WARN_INFINITE_RECURSION = YES;
				CLANG_WARN_INT_CONVERSION = YES;
				CLANG_WARN_NON_LITERAL_NULL_CONVERSION = YES;
				CLANG_WARN_OBJC_IMPLICIT_RETAIN_SELF = YES;
				CLANG_WARN_OBJC_LITERAL_CONVERSION = YES;
				CLANG_WARN_OBJC_ROOT_CLASS = YES_ERROR;
				CLANG_WARN_QUOTED_INCLUDE_IN_FRAMEWORK_HEADER = YES;
				CLANG_WARN_RANGE_LOOP_ANALYSIS = YES;
				CLANG_WARN_STRICT_PROTOTYPES = YES;
				CLANG_WARN_SUSPICIOUS_MOVE = YES;
				CLANG_WARN_UNGUARDED_AVAILABILITY = YES_AGGRESSIVE;
				CLANG_WARN_UNREACHABLE_CODE = YES;
				CLANG_WARN__DUPLICATE_METHOD_MATCH = YES;
				COPY_PHASE_STRIP = NO;
				DEBUG_INFORMATION_FORMAT = dwarf;
				ENABLE_STRICT_OBJC_MSGSEND = YES;
				ENABLE_TESTABILITY = YES;
				ENABLE_USER_SCRIPT_SANDBOXING = YES;
				GCC_C_LANGUAGE_STANDARD = gnu17;
				GCC_DYNAMIC_NO_PIC = NO;
				GCC_NO_COMMON_BLOCKS = YES;
				GCC_OPTIMIZATION_LEVEL = 0;
				GCC_PREPROCESSOR_DEFINITIONS = (
					"DEBUG=1",
					"$(inherited)",
				);
				GCC_WARN_64_TO_32_BIT_CONVERSION = YES;
				GCC_WARN_ABOUT_RETURN_TYPE = YES_ERROR;
				GCC_WARN_UNDECLARED_SELECTOR = YES;
				GCC_WARN_UNINITIALIZED_AUTOS = YES_AGGRESSIVE;
				GCC_WARN_UNUSED_FUNCTION = YES;
				GCC_WARN_UNUSED_VARIABLE = YES;
				IPHONEOS_DEPLOYMENT_TARGET = 17.5;
				LOCALIZATION_PREFERS_STRING_CATALOGS = YES;
				MTL_ENABLE_DEBUG_INFO = INCLUDE_SOURCE;
				MTL_FAST_MATH = YES;
				ONLY_ACTIVE_ARCH = YES;
				SDKROOT = iphoneos;
				SWIFT_ACTIVE_COMPILATION_CONDITIONS = "DEBUG $(inherited)";
				SWIFT_OPTIMIZATION_LEVEL = "-Onone";
			};
			name = Debug;
		};
		4E4F16702C2D5964004314AF /* Release */ = {
			isa = XCBuildConfiguration;
			buildSettings = {
				ALWAYS_SEARCH_USER_PATHS = NO;
				ASSETCATALOG_COMPILER_GENERATE_SWIFT_ASSET_SYMBOL_EXTENSIONS = YES;
				CLANG_ANALYZER_NONNULL = YES;
				CLANG_ANALYZER_NUMBER_OBJECT_CONVERSION = YES_AGGRESSIVE;
				CLANG_CXX_LANGUAGE_STANDARD = "gnu++20";
				CLANG_ENABLE_MODULES = YES;
				CLANG_ENABLE_OBJC_ARC = YES;
				CLANG_ENABLE_OBJC_WEAK = YES;
				CLANG_WARN_BLOCK_CAPTURE_AUTORELEASING = YES;
				CLANG_WARN_BOOL_CONVERSION = YES;
				CLANG_WARN_COMMA = YES;
				CLANG_WARN_CONSTANT_CONVERSION = YES;
				CLANG_WARN_DEPRECATED_OBJC_IMPLEMENTATIONS = YES;
				CLANG_WARN_DIRECT_OBJC_ISA_USAGE = YES_ERROR;
				CLANG_WARN_DOCUMENTATION_COMMENTS = YES;
				CLANG_WARN_EMPTY_BODY = YES;
				CLANG_WARN_ENUM_CONVERSION = YES;
				CLANG_WARN_INFINITE_RECURSION = YES;
				CLANG_WARN_INT_CONVERSION = YES;
				CLANG_WARN_NON_LITERAL_NULL_CONVERSION = YES;
				CLANG_WARN_OBJC_IMPLICIT_RETAIN_SELF = YES;
				CLANG_WARN_OBJC_LITERAL_CONVERSION = YES;
				CLANG_WARN_OBJC_ROOT_CLASS = YES_ERROR;
				CLANG_WARN_QUOTED_INCLUDE_IN_FRAMEWORK_HEADER = YES;
				CLANG_WARN_RANGE_LOOP_ANALYSIS = YES;
				CLANG_WARN_STRICT_PROTOTYPES = YES;
				CLANG_WARN_SUSPICIOUS_MOVE = YES;
				CLANG_WARN_UNGUARDED_AVAILABILITY = YES_AGGRESSIVE;
				CLANG_WARN_UNREACHABLE_CODE = YES;
				CLANG_WARN__DUPLICATE_METHOD_MATCH = YES;
				COPY_PHASE_STRIP = NO;
				DEBUG_INFORMATION_FORMAT = "dwarf-with-dsym";
				ENABLE_NS_ASSERTIONS = NO;
				ENABLE_STRICT_OBJC_MSGSEND = YES;
				ENABLE_USER_SCRIPT_SANDBOXING = YES;
				GCC_C_LANGUAGE_STANDARD = gnu17;
				GCC_NO_COMMON_BLOCKS = YES;
				GCC_WARN_64_TO_32_BIT_CONVERSION = YES;
				GCC_WARN_ABOUT_RETURN_TYPE = YES_ERROR;
				GCC_WARN_UNDECLARED_SELECTOR = YES;
				GCC_WARN_UNINITIALIZED_AUTOS = YES_AGGRESSIVE;
				GCC_WARN_UNUSED_FUNCTION = YES;
				GCC_WARN_UNUSED_VARIABLE = YES;
				IPHONEOS_DEPLOYMENT_TARGET = 17.5;
				LOCALIZATION_PREFERS_STRING_CATALOGS = YES;
				MTL_ENABLE_DEBUG_INFO = NO;
				MTL_FAST_MATH = YES;
				SDKROOT = iphoneos;
				SWIFT_COMPILATION_MODE = wholemodule;
				VALIDATE_PRODUCT = YES;
			};
			name = Release;
		};
		4E4F16722C2D5964004314AF /* Debug */ = {
			isa = XCBuildConfiguration;
			buildSettings = {
				ASSETCATALOG_COMPILER_APPICON_NAME = AppIcon;
				ASSETCATALOG_COMPILER_GLOBAL_ACCENT_COLOR_NAME = AccentColor;
				CODE_SIGN_STYLE = Automatic;
				CURRENT_PROJECT_VERSION = 1;
				DEVELOPMENT_TEAM = KA3HNRKVFH;
				GENERATE_INFOPLIST_FILE = YES;
				INFOPLIST_FILE = HW8App/Info.plist;
				INFOPLIST_KEY_UIApplicationSupportsIndirectInputEvents = YES;
				INFOPLIST_KEY_UILaunchStoryboardName = LaunchScreen;
				INFOPLIST_KEY_UIMainStoryboardFile = Main;
				INFOPLIST_KEY_UISupportedInterfaceOrientations = UIInterfaceOrientationPortrait;
				INFOPLIST_KEY_UISupportedInterfaceOrientations_iPad = "UIInterfaceOrientationLandscapeLeft UIInterfaceOrientationLandscapeRight UIInterfaceOrientationPortrait UIInterfaceOrientationPortraitUpsideDown";
				IPHONEOS_DEPLOYMENT_TARGET = 17.0;
				LD_RUNPATH_SEARCH_PATHS = (
					"$(inherited)",
					"@executable_path/Frameworks",
				);
				MARKETING_VERSION = 1.0;
				PRODUCT_BUNDLE_IDENTIFIER = com.dakokin.HW8App;
				PRODUCT_NAME = "$(TARGET_NAME)";
				SUPPORTED_PLATFORMS = "iphoneos iphonesimulator";
				SUPPORTS_MACCATALYST = NO;
				SUPPORTS_MAC_DESIGNED_FOR_IPHONE_IPAD = NO;
				SUPPORTS_XR_DESIGNED_FOR_IPHONE_IPAD = NO;
				SWIFT_EMIT_LOC_STRINGS = YES;
				SWIFT_VERSION = 5.0;
				TARGETED_DEVICE_FAMILY = 1;
			};
			name = Debug;
		};
		4E4F16732C2D5964004314AF /* Release */ = {
			isa = XCBuildConfiguration;
			buildSettings = {
				ASSETCATALOG_COMPILER_APPICON_NAME = AppIcon;
				ASSETCATALOG_COMPILER_GLOBAL_ACCENT_COLOR_NAME = AccentColor;
				CODE_SIGN_STYLE = Automatic;
				CURRENT_PROJECT_VERSION = 1;
				DEVELOPMENT_TEAM = KA3HNRKVFH;
				GENERATE_INFOPLIST_FILE = YES;
				INFOPLIST_FILE = HW8App/Info.plist;
				INFOPLIST_KEY_UIApplicationSupportsIndirectInputEvents = YES;
				INFOPLIST_KEY_UILaunchStoryboardName = LaunchScreen;
				INFOPLIST_KEY_UIMainStoryboardFile = Main;
				INFOPLIST_KEY_UISupportedInterfaceOrientations = UIInterfaceOrientationPortrait;
				INFOPLIST_KEY_UISupportedInterfaceOrientations_iPad = "UIInterfaceOrientationLandscapeLeft UIInterfaceOrientationLandscapeRight UIInterfaceOrientationPortrait UIInterfaceOrientationPortraitUpsideDown";
				IPHONEOS_DEPLOYMENT_TARGET = 17.0;
				LD_RUNPATH_SEARCH_PATHS = (
					"$(inherited)",
					"@executable_path/Frameworks",
				);
				MARKETING_VERSION = 1.0;
				PRODUCT_BUNDLE_IDENTIFIER = com.dakokin.HW8App;
				PRODUCT_NAME = "$(TARGET_NAME)";
				SUPPORTED_PLATFORMS = "iphoneos iphonesimulator";
				SUPPORTS_MACCATALYST = NO;
				SUPPORTS_MAC_DESIGNED_FOR_IPHONE_IPAD = NO;
				SUPPORTS_XR_DESIGNED_FOR_IPHONE_IPAD = NO;
				SWIFT_EMIT_LOC_STRINGS = YES;
				SWIFT_VERSION = 5.0;
				TARGETED_DEVICE_FAMILY = 1;
			};
			name = Release;
		};
/* End XCBuildConfiguration section */

/* Begin XCConfigurationList section */
		4E4F16582C2D5963004314AF /* Build configuration list for PBXProject "HW8App" */ = {
			isa = XCConfigurationList;
			buildConfigurations = (
				4E4F166F2C2D5964004314AF /* Debug */,
				4E4F16702C2D5964004314AF /* Release */,
			);
			defaultConfigurationIsVisible = 0;
			defaultConfigurationName = Release;
		};
		4E4F16712C2D5964004314AF /* Build configuration list for PBXNativeTarget "HW8App" */ = {
			isa = XCConfigurationList;
			buildConfigurations = (
				4E4F16722C2D5964004314AF /* Debug */,
				4E4F16732C2D5964004314AF /* Release */,
			);
			defaultConfigurationIsVisible = 0;
			defaultConfigurationName = Release;
		};
/* End XCConfigurationList section */

/* Begin XCRemoteSwiftPackageReference section */
		4E4F16742C2D597F004314AF /* XCRemoteSwiftPackageReference "SnapKit" */ = {
			isa = XCRemoteSwiftPackageReference;
			repositoryURL = "https://github.com/SnapKit/SnapKit";
			requirement = {
				kind = upToNextMajorVersion;
				minimumVersion = 5.7.1;
			};
		};
/* End XCRemoteSwiftPackageReference section */

/* Begin XCSwiftPackageProductDependency section */
		4E4F16752C2D597F004314AF /* SnapKit */ = {
			isa = XCSwiftPackageProductDependency;
			package = 4E4F16742C2D597F004314AF /* XCRemoteSwiftPackageReference "SnapKit" */;
			productName = SnapKit;
		};
/* End XCSwiftPackageProductDependency section */
	};
	rootObject = 4E4F16552C2D5963004314AF /* Project object */;
}
